
Microsoft Visual Studio Solution File, Format Version 12.00
# Visual Studio Version 17
VisualStudioVersion = 17.4.33122.133
MinimumVisualStudioVersion = 10.0.40219.1
Project("{FAE04EC0-301F-11D3-BF4B-00C04F79EFBC}") = "Szkola.API", "Szkola.API\Szkola.API.csproj", "{FD95E8BF-3965-4A2A-9307-D3FEBFB6D274}"
EndProject
Project("{FAE04EC0-301F-11D3-BF4B-00C04F79EFBC}") = "Szkola.BLL", "Szkola.BLL\Szkola.BLL.csproj", "{ED0D20D3-E8C9-4144-9013-3380FF9C4179}"
EndProject
Project("{FAE04EC0-301F-11D3-BF4B-00C04F79EFBC}") = "Szkola.DAL", "Szkola.DAL\Szkola.DAL.csproj", "{367F0D14-6CAB-4365-9677-5137756B995E}"
EndProject
Global
	GlobalSection(SolutionConfigurationPlatforms) = preSolution
		Debug|Any CPU = Debug|Any CPU
		Release|Any CPU = Release|Any CPU
	EndGlobalSection
	GlobalSection(ProjectConfigurationPlatforms) = postSolution
		{FD95E8BF-3965-4A2A-9307-D3FEBFB6D274}.Debug|Any CPU.ActiveCfg = Debug|Any CPU
		{FD95E8BF-3965-4A2A-9307-D3FEBFB6D274}.Debug|Any CPU.Build.0 = Debug|Any CPU
		{FD95E8BF-3965-4A2A-9307-D3FEBFB6D274}.Release|Any CPU.ActiveCfg = Release|Any CPU
		{FD95E8BF-3965-4A2A-9307-D3FEBFB6D274}.Release|Any CPU.Build.0 = Release|Any CPU
		{ED0D20D3-E8C9-4144-9013-3380FF9C4179}.Debug|Any CPU.ActiveCfg = Debug|Any CPU
		{ED0D20D3-E8C9-4144-9013-3380FF9C4179}.Debug|Any CPU.Build.0 = Debug|Any CPU
		{ED0D20D3-E8C9-4144-9013-3380FF9C4179}.Release|Any CPU.ActiveCfg = Release|Any CPU
		{ED0D20D3-E8C9-4144-9013-3380FF9C4179}.Release|Any CPU.Build.0 = Release|Any CPU
		{367F0D14-6CAB-4365-9677-5137756B995E}.Debug|Any CPU.ActiveCfg = Debug|Any CPU
		{367F0D14-6CAB-4365-9677-5137756B995E}.Debug|Any CPU.Build.0 = Debug|Any CPU
		{367F0D14-6CAB-4365-9677-5137756B995E}.Release|Any CPU.ActiveCfg = Release|Any CPU
		{367F0D14-6CAB-4365-9677-5137756B995E}.Release|Any CPU.Build.0 = Release|Any CPU
	EndGlobalSection
	GlobalSection(SolutionProperties) = preSolution
		HideSolutionNode = FALSE
	EndGlobalSection
	GlobalSection(ExtensibilityGlobals) = postSolution
		SolutionGuid = {E342CDA8-0E68-4E1D-8487-2562208EF237}
	EndGlobalSection
EndGlobal
